// !$*UTF8*$!
{
	archiveVersion = 1;
	classes = {
	};
	objectVersion = 46;
	objects = {

/* Begin PBXBuildFile section */
		DE15C056179641EC00F17302 /* itunes_term_harry.json in Resources */ = {isa = PBXBuildFile; fileRef = DE15C054179641EC00F17302 /* itunes_term_harry.json */; };
		DE15C057179641EC00F17302 /* itunes_term_macgruber.json in Resources */ = {isa = PBXBuildFile; fileRef = DE15C055179641EC00F17302 /* itunes_term_macgruber.json */; };
		DE1AE43F17A34C0700411C5E /* Security.framework in Frameworks */ = {isa = PBXBuildFile; fileRef = DE1AE43E17A34C0700411C5E /* Security.framework */; };
		DE1AE44017A34C2D00411C5E /* Security.framework in Frameworks */ = {isa = PBXBuildFile; fileRef = DE1AE43E17A34C0700411C5E /* Security.framework */; };
		DE5C10531795D4000015843D /* ViewControllerTests.m in Sources */ = {isa = PBXBuildFile; fileRef = DE5C10521795D4000015843D /* ViewControllerTests.m */; };
		DE6788F81795CFF800630B4B /* MobileCoreServices.framework in Frameworks */ = {isa = PBXBuildFile; fileRef = DEDDD4D5179530DB002D6CD0 /* MobileCoreServices.framework */; };
		DE6788F91795CFFD00630B4B /* SystemConfiguration.framework in Frameworks */ = {isa = PBXBuildFile; fileRef = DEDDD4D3179530CB002D6CD0 /* SystemConfiguration.framework */; };
		DE6788FA1795D01F00630B4B /* CoreGraphics.framework in Frameworks */ = {isa = PBXBuildFile; fileRef = DED1587016102DEC00B0E3B8 /* CoreGraphics.framework */; };
		DE8506A416104BCD00A1282D /* AFHTTPClient.m in Sources */ = {isa = PBXBuildFile; fileRef = DE85065F16104BCD00A1282D /* AFHTTPClient.m */; };
		DE8506A516104BCD00A1282D /* AFHTTPClient.m in Sources */ = {isa = PBXBuildFile; fileRef = DE85065F16104BCD00A1282D /* AFHTTPClient.m */; };
		DE8506A616104BCD00A1282D /* AFHTTPRequestOperation.m in Sources */ = {isa = PBXBuildFile; fileRef = DE85066116104BCD00A1282D /* AFHTTPRequestOperation.m */; };
		DE8506A716104BCD00A1282D /* AFHTTPRequestOperation.m in Sources */ = {isa = PBXBuildFile; fileRef = DE85066116104BCD00A1282D /* AFHTTPRequestOperation.m */; };
		DE8506A816104BCD00A1282D /* AFImageRequestOperation.m in Sources */ = {isa = PBXBuildFile; fileRef = DE85066316104BCD00A1282D /* AFImageRequestOperation.m */; };
		DE8506A916104BCD00A1282D /* AFImageRequestOperation.m in Sources */ = {isa = PBXBuildFile; fileRef = DE85066316104BCD00A1282D /* AFImageRequestOperation.m */; };
		DE8506AA16104BCD00A1282D /* AFJSONRequestOperation.m in Sources */ = {isa = PBXBuildFile; fileRef = DE85066516104BCD00A1282D /* AFJSONRequestOperation.m */; };
		DE8506AB16104BCE00A1282D /* AFJSONRequestOperation.m in Sources */ = {isa = PBXBuildFile; fileRef = DE85066516104BCD00A1282D /* AFJSONRequestOperation.m */; };
		DE8506AC16104BCE00A1282D /* AFNetworkActivityIndicatorManager.m in Sources */ = {isa = PBXBuildFile; fileRef = DE85066716104BCD00A1282D /* AFNetworkActivityIndicatorManager.m */; };
		DE8506AD16104BCE00A1282D /* AFNetworkActivityIndicatorManager.m in Sources */ = {isa = PBXBuildFile; fileRef = DE85066716104BCD00A1282D /* AFNetworkActivityIndicatorManager.m */; };
		DE8506AE16104BCE00A1282D /* AFPropertyListRequestOperation.m in Sources */ = {isa = PBXBuildFile; fileRef = DE85066A16104BCD00A1282D /* AFPropertyListRequestOperation.m */; };
		DE8506AF16104BCE00A1282D /* AFPropertyListRequestOperation.m in Sources */ = {isa = PBXBuildFile; fileRef = DE85066A16104BCD00A1282D /* AFPropertyListRequestOperation.m */; };
		DE8506B016104BCE00A1282D /* AFURLConnectionOperation.m in Sources */ = {isa = PBXBuildFile; fileRef = DE85066C16104BCD00A1282D /* AFURLConnectionOperation.m */; };
		DE8506B116104BCE00A1282D /* AFURLConnectionOperation.m in Sources */ = {isa = PBXBuildFile; fileRef = DE85066C16104BCD00A1282D /* AFURLConnectionOperation.m */; };
		DE8506B216104BCE00A1282D /* AFXMLRequestOperation.m in Sources */ = {isa = PBXBuildFile; fileRef = DE85066E16104BCD00A1282D /* AFXMLRequestOperation.m */; };
		DE8506B316104BCE00A1282D /* AFXMLRequestOperation.m in Sources */ = {isa = PBXBuildFile; fileRef = DE85066E16104BCD00A1282D /* AFXMLRequestOperation.m */; };
		DE8506B416104BCE00A1282D /* UIImageView+AFNetworking.m in Sources */ = {isa = PBXBuildFile; fileRef = DE85067016104BCD00A1282D /* UIImageView+AFNetworking.m */; };
		DE8506B516104BCE00A1282D /* UIImageView+AFNetworking.m in Sources */ = {isa = PBXBuildFile; fileRef = DE85067016104BCD00A1282D /* UIImageView+AFNetworking.m */; };
		DE8506B616104BCE00A1282D /* AFNetworking.podspec in Resources */ = {isa = PBXBuildFile; fileRef = DE85067116104BCD00A1282D /* AFNetworking.podspec */; };
		DE8506B716104BCE00A1282D /* AFNetworking.podspec in Resources */ = {isa = PBXBuildFile; fileRef = DE85067116104BCD00A1282D /* AFNetworking.podspec */; };
		DE8506BA16104BCE00A1282D /* CHANGES in Resources */ = {isa = PBXBuildFile; fileRef = DE85067316104BCD00A1282D /* CHANGES */; };
		DE8506BB16104BCE00A1282D /* CHANGES in Resources */ = {isa = PBXBuildFile; fileRef = DE85067316104BCD00A1282D /* CHANGES */; };
		DE8506E016104BCE00A1282D /* LICENSE in Resources */ = {isa = PBXBuildFile; fileRef = DE85069A16104BCD00A1282D /* LICENSE */; };
		DE8506E116104BCE00A1282D /* LICENSE in Resources */ = {isa = PBXBuildFile; fileRef = DE85069A16104BCD00A1282D /* LICENSE */; };
		DE8506E216104BCE00A1282D /* README.md in Resources */ = {isa = PBXBuildFile; fileRef = DE85069B16104BCD00A1282D /* README.md */; };
		DE8506E316104BCE00A1282D /* README.md in Resources */ = {isa = PBXBuildFile; fileRef = DE85069B16104BCD00A1282D /* README.md */; };
		DE8C53DE1795FFBA00791067 /* AFNetworkingTests.m in Sources */ = {isa = PBXBuildFile; fileRef = DE8C53DD1795FFBA00791067 /* AFNetworkingTests.m */; };
		DE9FE97A1610598400BA0C2F /* placeholder.png in Resources */ = {isa = PBXBuildFile; fileRef = DE9FE9781610598400BA0C2F /* placeholder.png */; };
		DE9FE97B1610598400BA0C2F /* placeholder@2x.png in Resources */ = {isa = PBXBuildFile; fileRef = DE9FE9791610598400BA0C2F /* placeholder@2x.png */; };
		DED1586D16102DEC00B0E3B8 /* UIKit.framework in Frameworks */ = {isa = PBXBuildFile; fileRef = DED1586C16102DEC00B0E3B8 /* UIKit.framework */; };
		DED1586F16102DEC00B0E3B8 /* Foundation.framework in Frameworks */ = {isa = PBXBuildFile; fileRef = DED1586E16102DEC00B0E3B8 /* Foundation.framework */; };
		DED1587116102DEC00B0E3B8 /* CoreGraphics.framework in Frameworks */ = {isa = PBXBuildFile; fileRef = DED1587016102DEC00B0E3B8 /* CoreGraphics.framework */; };
		DED1587716102DEC00B0E3B8 /* InfoPlist.strings in Resources */ = {isa = PBXBuildFile; fileRef = DED1587516102DEC00B0E3B8 /* InfoPlist.strings */; };
		DED1587916102DEC00B0E3B8 /* main.m in Sources */ = {isa = PBXBuildFile; fileRef = DED1587816102DEC00B0E3B8 /* main.m */; };
		DED1587D16102DEC00B0E3B8 /* AppDelegate.m in Sources */ = {isa = PBXBuildFile; fileRef = DED1587C16102DEC00B0E3B8 /* AppDelegate.m */; };
		DED1587F16102DEC00B0E3B8 /* Default.png in Resources */ = {isa = PBXBuildFile; fileRef = DED1587E16102DEC00B0E3B8 /* Default.png */; };
		DED1588116102DEC00B0E3B8 /* Default@2x.png in Resources */ = {isa = PBXBuildFile; fileRef = DED1588016102DEC00B0E3B8 /* Default@2x.png */; };
		DED1588316102DEC00B0E3B8 /* Default-568h@2x.png in Resources */ = {isa = PBXBuildFile; fileRef = DED1588216102DEC00B0E3B8 /* Default-568h@2x.png */; };
		DED1588616102DEC00B0E3B8 /* ViewController.m in Sources */ = {isa = PBXBuildFile; fileRef = DED1588516102DEC00B0E3B8 /* ViewController.m */; };
		DED1588916102DEC00B0E3B8 /* ViewController.xib in Resources */ = {isa = PBXBuildFile; fileRef = DED1588716102DEC00B0E3B8 /* ViewController.xib */; };
		DED1589116102DEC00B0E3B8 /* SenTestingKit.framework in Frameworks */ = {isa = PBXBuildFile; fileRef = DED1589016102DEC00B0E3B8 /* SenTestingKit.framework */; };
		DED1589216102DEC00B0E3B8 /* UIKit.framework in Frameworks */ = {isa = PBXBuildFile; fileRef = DED1586C16102DEC00B0E3B8 /* UIKit.framework */; };
		DED1589316102DEC00B0E3B8 /* Foundation.framework in Frameworks */ = {isa = PBXBuildFile; fileRef = DED1586E16102DEC00B0E3B8 /* Foundation.framework */; };
		DED1589B16102DEC00B0E3B8 /* InfoPlist.strings in Resources */ = {isa = PBXBuildFile; fileRef = DED1589916102DEC00B0E3B8 /* InfoPlist.strings */; };
		DEDDD4D4179530CB002D6CD0 /* SystemConfiguration.framework in Frameworks */ = {isa = PBXBuildFile; fileRef = DEDDD4D3179530CB002D6CD0 /* SystemConfiguration.framework */; };
		DEDDD4D6179530DB002D6CD0 /* MobileCoreServices.framework in Frameworks */ = {isa = PBXBuildFile; fileRef = DEDDD4D5179530DB002D6CD0 /* MobileCoreServices.framework */; };
		DEEDCCE11795C52800023957 /* libOCMock.a in Frameworks */ = {isa = PBXBuildFile; fileRef = DEEDCCE01795C52800023957 /* libOCMock.a */; };
		DEEDCCE31795C60000023957 /* License.txt in Resources */ = {isa = PBXBuildFile; fileRef = DEEDCCE21795C60000023957 /* License.txt */; };
/* End PBXBuildFile section */

/* Begin PBXContainerItemProxy section */
		DED1589416102DEC00B0E3B8 /* PBXContainerItemProxy */ = {
			isa = PBXContainerItemProxy;
			containerPortal = DED1585F16102DEC00B0E3B8 /* Project object */;
			proxyType = 1;
			remoteGlobalIDString = DED1586716102DEC00B0E3B8;
			remoteInfo = NetworkingIsFun;
		};
/* End PBXContainerItemProxy section */

/* Begin PBXFileReference section */
		DE15C054179641EC00F17302 /* itunes_term_harry.json */ = {isa = PBXFileReference; fileEncoding = 4; lastKnownFileType = text.json; path = itunes_term_harry.json; sourceTree = "<group>"; };
		DE15C055179641EC00F17302 /* itunes_term_macgruber.json */ = {isa = PBXFileReference; fileEncoding = 4; lastKnownFileType = text.json; path = itunes_term_macgruber.json; sourceTree = "<group>"; };
		DE1AE43E17A34C0700411C5E /* Security.framework */ = {isa = PBXFileReference; lastKnownFileType = wrapper.framework; name = Security.framework; path = System/Library/Frameworks/Security.framework; sourceTree = SDKROOT; };
		DE5C10521795D4000015843D /* ViewControllerTests.m */ = {isa = PBXFileReference; fileEncoding = 4; lastKnownFileType = sourcecode.c.objc; path = ViewControllerTests.m; sourceTree = "<group>"; };
		DE5CFFFA161038BC00061A5F /* README.md */ = {isa = PBXFileReference; lastKnownFileType = text; path = README.md; sourceTree = "<group>"; };
		DE724D6E1795DD6600D02B33 /* ViewController_Private.h */ = {isa = PBXFileReference; lastKnownFileType = sourcecode.c.h; path = ViewController_Private.h; sourceTree = "<group>"; };
		DE85065E16104BCD00A1282D /* AFHTTPClient.h */ = {isa = PBXFileReference; fileEncoding = 4; lastKnownFileType = sourcecode.c.h; path = AFHTTPClient.h; sourceTree = "<group>"; };
		DE85065F16104BCD00A1282D /* AFHTTPClient.m */ = {isa = PBXFileReference; fileEncoding = 4; lastKnownFileType = sourcecode.c.objc; path = AFHTTPClient.m; sourceTree = "<group>"; };
		DE85066016104BCD00A1282D /* AFHTTPRequestOperation.h */ = {isa = PBXFileReference; fileEncoding = 4; lastKnownFileType = sourcecode.c.h; path = AFHTTPRequestOperation.h; sourceTree = "<group>"; };
		DE85066116104BCD00A1282D /* AFHTTPRequestOperation.m */ = {isa = PBXFileReference; fileEncoding = 4; lastKnownFileType = sourcecode.c.objc; path = AFHTTPRequestOperation.m; sourceTree = "<group>"; };
		DE85066216104BCD00A1282D /* AFImageRequestOperation.h */ = {isa = PBXFileReference; fileEncoding = 4; lastKnownFileType = sourcecode.c.h; path = AFImageRequestOperation.h; sourceTree = "<group>"; };
		DE85066316104BCD00A1282D /* AFImageRequestOperation.m */ = {isa = PBXFileReference; fileEncoding = 4; lastKnownFileType = sourcecode.c.objc; path = AFImageRequestOperation.m; sourceTree = "<group>"; };
		DE85066416104BCD00A1282D /* AFJSONRequestOperation.h */ = {isa = PBXFileReference; fileEncoding = 4; lastKnownFileType = sourcecode.c.h; path = AFJSONRequestOperation.h; sourceTree = "<group>"; };
		DE85066516104BCD00A1282D /* AFJSONRequestOperation.m */ = {isa = PBXFileReference; fileEncoding = 4; lastKnownFileType = sourcecode.c.objc; path = AFJSONRequestOperation.m; sourceTree = "<group>"; };
		DE85066616104BCD00A1282D /* AFNetworkActivityIndicatorManager.h */ = {isa = PBXFileReference; fileEncoding = 4; lastKnownFileType = sourcecode.c.h; path = AFNetworkActivityIndicatorManager.h; sourceTree = "<group>"; };
		DE85066716104BCD00A1282D /* AFNetworkActivityIndicatorManager.m */ = {isa = PBXFileReference; fileEncoding = 4; lastKnownFileType = sourcecode.c.objc; path = AFNetworkActivityIndicatorManager.m; sourceTree = "<group>"; };
		DE85066816104BCD00A1282D /* AFNetworking.h */ = {isa = PBXFileReference; fileEncoding = 4; lastKnownFileType = sourcecode.c.h; path = AFNetworking.h; sourceTree = "<group>"; };
		DE85066916104BCD00A1282D /* AFPropertyListRequestOperation.h */ = {isa = PBXFileReference; fileEncoding = 4; lastKnownFileType = sourcecode.c.h; path = AFPropertyListRequestOperation.h; sourceTree = "<group>"; };
		DE85066A16104BCD00A1282D /* AFPropertyListRequestOperation.m */ = {isa = PBXFileReference; fileEncoding = 4; lastKnownFileType = sourcecode.c.objc; path = AFPropertyListRequestOperation.m; sourceTree = "<group>"; };
		DE85066B16104BCD00A1282D /* AFURLConnectionOperation.h */ = {isa = PBXFileReference; fileEncoding = 4; lastKnownFileType = sourcecode.c.h; path = AFURLConnectionOperation.h; sourceTree = "<group>"; };
		DE85066C16104BCD00A1282D /* AFURLConnectionOperation.m */ = {isa = PBXFileReference; fileEncoding = 4; lastKnownFileType = sourcecode.c.objc; path = AFURLConnectionOperation.m; sourceTree = "<group>"; };
		DE85066D16104BCD00A1282D /* AFXMLRequestOperation.h */ = {isa = PBXFileReference; fileEncoding = 4; lastKnownFileType = sourcecode.c.h; path = AFXMLRequestOperation.h; sourceTree = "<group>"; };
		DE85066E16104BCD00A1282D /* AFXMLRequestOperation.m */ = {isa = PBXFileReference; fileEncoding = 4; lastKnownFileType = sourcecode.c.objc; path = AFXMLRequestOperation.m; sourceTree = "<group>"; };
		DE85066F16104BCD00A1282D /* UIImageView+AFNetworking.h */ = {isa = PBXFileReference; fileEncoding = 4; lastKnownFileType = sourcecode.c.h; path = "UIImageView+AFNetworking.h"; sourceTree = "<group>"; };
		DE85067016104BCD00A1282D /* UIImageView+AFNetworking.m */ = {isa = PBXFileReference; fileEncoding = 4; lastKnownFileType = sourcecode.c.objc; path = "UIImageView+AFNetworking.m"; sourceTree = "<group>"; };
		DE85067116104BCD00A1282D /* AFNetworking.podspec */ = {isa = PBXFileReference; fileEncoding = 4; lastKnownFileType = text; path = AFNetworking.podspec; sourceTree = "<group>"; };
		DE85067316104BCD00A1282D /* CHANGES */ = {isa = PBXFileReference; fileEncoding = 4; lastKnownFileType = text; path = CHANGES; sourceTree = "<group>"; };
		DE85069A16104BCD00A1282D /* LICENSE */ = {isa = PBXFileReference; fileEncoding = 4; lastKnownFileType = text; path = LICENSE; sourceTree = "<group>"; };
		DE85069B16104BCD00A1282D /* README.md */ = {isa = PBXFileReference; fileEncoding = 4; lastKnownFileType = text; path = README.md; sourceTree = "<group>"; };
		DE8C53DD1795FFBA00791067 /* AFNetworkingTests.m */ = {isa = PBXFileReference; fileEncoding = 4; lastKnownFileType = sourcecode.c.objc; path = AFNetworkingTests.m; sourceTree = "<group>"; };
		DE9FE9781610598400BA0C2F /* placeholder.png */ = {isa = PBXFileReference; lastKnownFileType = image.png; path = placeholder.png; sourceTree = "<group>"; };
		DE9FE9791610598400BA0C2F /* placeholder@2x.png */ = {isa = PBXFileReference; lastKnownFileType = image.png; path = "placeholder@2x.png"; sourceTree = "<group>"; };
		DED1586816102DEC00B0E3B8 /* NetworkingIsFun.app */ = {isa = PBXFileReference; explicitFileType = wrapper.application; includeInIndex = 0; path = NetworkingIsFun.app; sourceTree = BUILT_PRODUCTS_DIR; };
		DED1586C16102DEC00B0E3B8 /* UIKit.framework */ = {isa = PBXFileReference; lastKnownFileType = wrapper.framework; name = UIKit.framework; path = System/Library/Frameworks/UIKit.framework; sourceTree = SDKROOT; };
		DED1586E16102DEC00B0E3B8 /* Foundation.framework */ = {isa = PBXFileReference; lastKnownFileType = wrapper.framework; name = Foundation.framework; path = System/Library/Frameworks/Foundation.framework; sourceTree = SDKROOT; };
		DED1587016102DEC00B0E3B8 /* CoreGraphics.framework */ = {isa = PBXFileReference; lastKnownFileType = wrapper.framework; name = CoreGraphics.framework; path = System/Library/Frameworks/CoreGraphics.framework; sourceTree = SDKROOT; };
		DED1587416102DEC00B0E3B8 /* NetworkingIsFun-Info.plist */ = {isa = PBXFileReference; lastKnownFileType = text.plist.xml; path = "NetworkingIsFun-Info.plist"; sourceTree = "<group>"; };
		DED1587616102DEC00B0E3B8 /* en */ = {isa = PBXFileReference; lastKnownFileType = text.plist.strings; name = en; path = en.lproj/InfoPlist.strings; sourceTree = "<group>"; };
		DED1587816102DEC00B0E3B8 /* main.m */ = {isa = PBXFileReference; lastKnownFileType = sourcecode.c.objc; path = main.m; sourceTree = "<group>"; };
		DED1587A16102DEC00B0E3B8 /* NetworkingIsFun-Prefix.pch */ = {isa = PBXFileReference; lastKnownFileType = sourcecode.c.h; path = "NetworkingIsFun-Prefix.pch"; sourceTree = "<group>"; };
		DED1587B16102DEC00B0E3B8 /* AppDelegate.h */ = {isa = PBXFileReference; lastKnownFileType = sourcecode.c.h; path = AppDelegate.h; sourceTree = "<group>"; };
		DED1587C16102DEC00B0E3B8 /* AppDelegate.m */ = {isa = PBXFileReference; lastKnownFileType = sourcecode.c.objc; path = AppDelegate.m; sourceTree = "<group>"; };
		DED1587E16102DEC00B0E3B8 /* Default.png */ = {isa = PBXFileReference; lastKnownFileType = image.png; path = Default.png; sourceTree = "<group>"; };
		DED1588016102DEC00B0E3B8 /* Default@2x.png */ = {isa = PBXFileReference; lastKnownFileType = image.png; path = "Default@2x.png"; sourceTree = "<group>"; };
		DED1588216102DEC00B0E3B8 /* Default-568h@2x.png */ = {isa = PBXFileReference; lastKnownFileType = image.png; path = "Default-568h@2x.png"; sourceTree = "<group>"; };
		DED1588416102DEC00B0E3B8 /* ViewController.h */ = {isa = PBXFileReference; lastKnownFileType = sourcecode.c.h; path = ViewController.h; sourceTree = "<group>"; };
		DED1588516102DEC00B0E3B8 /* ViewController.m */ = {isa = PBXFileReference; lastKnownFileType = sourcecode.c.objc; path = ViewController.m; sourceTree = "<group>"; };
		DED1588816102DEC00B0E3B8 /* en */ = {isa = PBXFileReference; lastKnownFileType = file.xib; name = en; path = en.lproj/ViewController.xib; sourceTree = "<group>"; };
		DED1588F16102DEC00B0E3B8 /* NetworkingIsFunTests.octest */ = {isa = PBXFileReference; explicitFileType = wrapper.cfbundle; includeInIndex = 0; path = NetworkingIsFunTests.octest; sourceTree = BUILT_PRODUCTS_DIR; };
		DED1589016102DEC00B0E3B8 /* SenTestingKit.framework */ = {isa = PBXFileReference; lastKnownFileType = wrapper.framework; name = SenTestingKit.framework; path = Library/Frameworks/SenTestingKit.framework; sourceTree = DEVELOPER_DIR; };
		DED1589816102DEC00B0E3B8 /* NetworkingIsFunTests-Info.plist */ = {isa = PBXFileReference; lastKnownFileType = text.plist.xml; path = "NetworkingIsFunTests-Info.plist"; sourceTree = "<group>"; };
		DED1589A16102DEC00B0E3B8 /* en */ = {isa = PBXFileReference; lastKnownFileType = text.plist.strings; name = en; path = en.lproj/InfoPlist.strings; sourceTree = "<group>"; };
		DEDDD4D3179530CB002D6CD0 /* SystemConfiguration.framework */ = {isa = PBXFileReference; lastKnownFileType = wrapper.framework; name = SystemConfiguration.framework; path = System/Library/Frameworks/SystemConfiguration.framework; sourceTree = SDKROOT; };
		DEDDD4D5179530DB002D6CD0 /* MobileCoreServices.framework */ = {isa = PBXFileReference; lastKnownFileType = wrapper.framework; name = MobileCoreServices.framework; path = System/Library/Frameworks/MobileCoreServices.framework; sourceTree = SDKROOT; };
		DEEDCCDA1795C47F00023957 /* NSNotificationCenter+OCMAdditions.h */ = {isa = PBXFileReference; fileEncoding = 4; lastKnownFileType = sourcecode.c.h; path = "NSNotificationCenter+OCMAdditions.h"; sourceTree = "<group>"; };
		DEEDCCDB1795C47F00023957 /* OCMArg.h */ = {isa = PBXFileReference; fileEncoding = 4; lastKnownFileType = sourcecode.c.h; path = OCMArg.h; sourceTree = "<group>"; };
		DEEDCCDC1795C47F00023957 /* OCMConstraint.h */ = {isa = PBXFileReference; fileEncoding = 4; lastKnownFileType = sourcecode.c.h; path = OCMConstraint.h; sourceTree = "<group>"; };
		DEEDCCDD1795C47F00023957 /* OCMock.h */ = {isa = PBXFileReference; fileEncoding = 4; lastKnownFileType = sourcecode.c.h; path = OCMock.h; sourceTree = "<group>"; };
		DEEDCCDE1795C47F00023957 /* OCMockObject.h */ = {isa = PBXFileReference; fileEncoding = 4; lastKnownFileType = sourcecode.c.h; path = OCMockObject.h; sourceTree = "<group>"; };
		DEEDCCDF1795C47F00023957 /* OCMockRecorder.h */ = {isa = PBXFileReference; fileEncoding = 4; lastKnownFileType = sourcecode.c.h; path = OCMockRecorder.h; sourceTree = "<group>"; };
		DEEDCCE01795C52800023957 /* libOCMock.a */ = {isa = PBXFileReference; lastKnownFileType = archive.ar; path = libOCMock.a; sourceTree = "<group>"; };
		DEEDCCE21795C60000023957 /* License.txt */ = {isa = PBXFileReference; fileEncoding = 4; lastKnownFileType = text; path = License.txt; sourceTree = "<group>"; };
/* End PBXFileReference section */

/* Begin PBXFrameworksBuildPhase section */
		DED1586516102DEC00B0E3B8 /* Frameworks */ = {
			isa = PBXFrameworksBuildPhase;
			buildActionMask = 2147483647;
			files = (
				DE1AE43F17A34C0700411C5E /* Security.framework in Frameworks */,
				DEDDD4D6179530DB002D6CD0 /* MobileCoreServices.framework in Frameworks */,
				DEDDD4D4179530CB002D6CD0 /* SystemConfiguration.framework in Frameworks */,
				DED1586D16102DEC00B0E3B8 /* UIKit.framework in Frameworks */,
				DED1586F16102DEC00B0E3B8 /* Foundation.framework in Frameworks */,
				DED1587116102DEC00B0E3B8 /* CoreGraphics.framework in Frameworks */,
			);
			runOnlyForDeploymentPostprocessing = 0;
		};
		DED1588B16102DEC00B0E3B8 /* Frameworks */ = {
			isa = PBXFrameworksBuildPhase;
			buildActionMask = 2147483647;
			files = (
				DED1589116102DEC00B0E3B8 /* SenTestingKit.framework in Frameworks */,
				DED1589216102DEC00B0E3B8 /* UIKit.framework in Frameworks */,
				DED1589316102DEC00B0E3B8 /* Foundation.framework in Frameworks */,
				DEEDCCE11795C52800023957 /* libOCMock.a in Frameworks */,
				DE6788F81795CFF800630B4B /* MobileCoreServices.framework in Frameworks */,
				DE6788F91795CFFD00630B4B /* SystemConfiguration.framework in Frameworks */,
				DE6788FA1795D01F00630B4B /* CoreGraphics.framework in Frameworks */,
				DE1AE44017A34C2D00411C5E /* Security.framework in Frameworks */,
			);
			runOnlyForDeploymentPostprocessing = 0;
		};
/* End PBXFrameworksBuildPhase section */

/* Begin PBXGroup section */
		DE15C053179641EC00F17302 /* TestResources */ = {
			isa = PBXGroup;
			children = (
				DE15C054179641EC00F17302 /* itunes_term_harry.json */,
				DE15C055179641EC00F17302 /* itunes_term_macgruber.json */,
			);
			path = TestResources;
			sourceTree = "<group>";
		};
		DE85065C16104BCD00A1282D /* AFNetworking */ = {
			isa = PBXGroup;
			children = (
				DE85065D16104BCD00A1282D /* AFNetworking */,
				DE85067116104BCD00A1282D /* AFNetworking.podspec */,
				DE85067316104BCD00A1282D /* CHANGES */,
				DE85069A16104BCD00A1282D /* LICENSE */,
				DE85069B16104BCD00A1282D /* README.md */,
			);
			path = AFNetworking;
			sourceTree = "<group>";
		};
		DE85065D16104BCD00A1282D /* AFNetworking */ = {
			isa = PBXGroup;
			children = (
				DE85065E16104BCD00A1282D /* AFHTTPClient.h */,
				DE85065F16104BCD00A1282D /* AFHTTPClient.m */,
				DE85066016104BCD00A1282D /* AFHTTPRequestOperation.h */,
				DE85066116104BCD00A1282D /* AFHTTPRequestOperation.m */,
				DE85066216104BCD00A1282D /* AFImageRequestOperation.h */,
				DE85066316104BCD00A1282D /* AFImageRequestOperation.m */,
				DE85066416104BCD00A1282D /* AFJSONRequestOperation.h */,
				DE85066516104BCD00A1282D /* AFJSONRequestOperation.m */,
				DE85066616104BCD00A1282D /* AFNetworkActivityIndicatorManager.h */,
				DE85066716104BCD00A1282D /* AFNetworkActivityIndicatorManager.m */,
				DE85066816104BCD00A1282D /* AFNetworking.h */,
				DE85066916104BCD00A1282D /* AFPropertyListRequestOperation.h */,
				DE85066A16104BCD00A1282D /* AFPropertyListRequestOperation.m */,
				DE85066B16104BCD00A1282D /* AFURLConnectionOperation.h */,
				DE85066C16104BCD00A1282D /* AFURLConnectionOperation.m */,
				DE85066D16104BCD00A1282D /* AFXMLRequestOperation.h */,
				DE85066E16104BCD00A1282D /* AFXMLRequestOperation.m */,
				DE85066F16104BCD00A1282D /* UIImageView+AFNetworking.h */,
				DE85067016104BCD00A1282D /* UIImageView+AFNetworking.m */,
			);
			path = AFNetworking;
			sourceTree = "<group>";
		};
		DED1585D16102DEC00B0E3B8 = {
			isa = PBXGroup;
			children = (
				DE5CFFFA161038BC00061A5F /* README.md */,
				DEEDCCD91795C47F00023957 /* OCMock */,
				DE85065C16104BCD00A1282D /* AFNetworking */,
				DED1587216102DEC00B0E3B8 /* NetworkingIsFun */,
				DED1589616102DEC00B0E3B8 /* NetworkingIsFunTests */,
				DE15C053179641EC00F17302 /* TestResources */,
				DED1586B16102DEC00B0E3B8 /* Frameworks */,
				DED1586916102DEC00B0E3B8 /* Products */,
			);
			sourceTree = "<group>";
		};
		DED1586916102DEC00B0E3B8 /* Products */ = {
			isa = PBXGroup;
			children = (
				DED1586816102DEC00B0E3B8 /* NetworkingIsFun.app */,
				DED1588F16102DEC00B0E3B8 /* NetworkingIsFunTests.octest */,
			);
			name = Products;
			sourceTree = "<group>";
		};
		DED1586B16102DEC00B0E3B8 /* Frameworks */ = {
			isa = PBXGroup;
			children = (
				DEEDCCE01795C52800023957 /* libOCMock.a */,
				DE1AE43E17A34C0700411C5E /* Security.framework */,
				DEDDD4D5179530DB002D6CD0 /* MobileCoreServices.framework */,
				DEDDD4D3179530CB002D6CD0 /* SystemConfiguration.framework */,
				DED1586C16102DEC00B0E3B8 /* UIKit.framework */,
				DED1586E16102DEC00B0E3B8 /* Foundation.framework */,
				DED1587016102DEC00B0E3B8 /* CoreGraphics.framework */,
				DED1589016102DEC00B0E3B8 /* SenTestingKit.framework */,
			);
			name = Frameworks;
			sourceTree = "<group>";
		};
		DED1587216102DEC00B0E3B8 /* NetworkingIsFun */ = {
			isa = PBXGroup;
			children = (
				DED1587B16102DEC00B0E3B8 /* AppDelegate.h */,
				DED1587C16102DEC00B0E3B8 /* AppDelegate.m */,
				DED1588416102DEC00B0E3B8 /* ViewController.h */,
				DE724D6E1795DD6600D02B33 /* ViewController_Private.h */,
				DED1588516102DEC00B0E3B8 /* ViewController.m */,
				DED1588716102DEC00B0E3B8 /* ViewController.xib */,
				DE9FE9781610598400BA0C2F /* placeholder.png */,
				DE9FE9791610598400BA0C2F /* placeholder@2x.png */,
				DED1587316102DEC00B0E3B8 /* Supporting Files */,
			);
			path = NetworkingIsFun;
			sourceTree = "<group>";
		};
		DED1587316102DEC00B0E3B8 /* Supporting Files */ = {
			isa = PBXGroup;
			children = (
				DED1587416102DEC00B0E3B8 /* NetworkingIsFun-Info.plist */,
				DED1587516102DEC00B0E3B8 /* InfoPlist.strings */,
				DED1587816102DEC00B0E3B8 /* main.m */,
				DED1587A16102DEC00B0E3B8 /* NetworkingIsFun-Prefix.pch */,
				DED1587E16102DEC00B0E3B8 /* Default.png */,
				DED1588016102DEC00B0E3B8 /* Default@2x.png */,
				DED1588216102DEC00B0E3B8 /* Default-568h@2x.png */,
			);
			name = "Supporting Files";
			sourceTree = "<group>";
		};
		DED1589616102DEC00B0E3B8 /* NetworkingIsFunTests */ = {
			isa = PBXGroup;
			children = (
				DE8C53DD1795FFBA00791067 /* AFNetworkingTests.m */,
				DE5C10521795D4000015843D /* ViewControllerTests.m */,
				DED1589716102DEC00B0E3B8 /* Supporting Files */,
			);
			path = NetworkingIsFunTests;
			sourceTree = "<group>";
		};
		DED1589716102DEC00B0E3B8 /* Supporting Files */ = {
			isa = PBXGroup;
			children = (
				DED1589816102DEC00B0E3B8 /* NetworkingIsFunTests-Info.plist */,
				DED1589916102DEC00B0E3B8 /* InfoPlist.strings */,
			);
			name = "Supporting Files";
			sourceTree = "<group>";
		};
		DEEDCCD91795C47F00023957 /* OCMock */ = {
			isa = PBXGroup;
			children = (
				DEEDCCE21795C60000023957 /* License.txt */,
				DEEDCCDA1795C47F00023957 /* NSNotificationCenter+OCMAdditions.h */,
				DEEDCCDB1795C47F00023957 /* OCMArg.h */,
				DEEDCCDC1795C47F00023957 /* OCMConstraint.h */,
				DEEDCCDD1795C47F00023957 /* OCMock.h */,
				DEEDCCDE1795C47F00023957 /* OCMockObject.h */,
				DEEDCCDF1795C47F00023957 /* OCMockRecorder.h */,
			);
			path = OCMock;
			sourceTree = "<group>";
		};
/* End PBXGroup section */

/* Begin PBXNativeTarget section */
		DED1586716102DEC00B0E3B8 /* NetworkingIsFun */ = {
			isa = PBXNativeTarget;
			buildConfigurationList = DED158A116102DEC00B0E3B8 /* Build configuration list for PBXNativeTarget "NetworkingIsFun" */;
			buildPhases = (
				DED1586416102DEC00B0E3B8 /* Sources */,
				DED1586516102DEC00B0E3B8 /* Frameworks */,
				DED1586616102DEC00B0E3B8 /* Resources */,
			);
			buildRules = (
			);
			dependencies = (
			);
			name = NetworkingIsFun;
			productName = NetworkingIsFun;
			productReference = DED1586816102DEC00B0E3B8 /* NetworkingIsFun.app */;
			productType = "com.apple.product-type.application";
		};
		DED1588E16102DEC00B0E3B8 /* NetworkingIsFunTests */ = {
			isa = PBXNativeTarget;
			buildConfigurationList = DED158A416102DEC00B0E3B8 /* Build configuration list for PBXNativeTarget "NetworkingIsFunTests" */;
			buildPhases = (
				DED1588A16102DEC00B0E3B8 /* Sources */,
				DED1588B16102DEC00B0E3B8 /* Frameworks */,
				DED1588C16102DEC00B0E3B8 /* Resources */,
				DED1588D16102DEC00B0E3B8 /* ShellScript */,
			);
			buildRules = (
			);
			dependencies = (
				DED1589516102DEC00B0E3B8 /* PBXTargetDependency */,
			);
			name = NetworkingIsFunTests;
			productName = NetworkingIsFunTests;
			productReference = DED1588F16102DEC00B0E3B8 /* NetworkingIsFunTests.octest */;
			productType = "com.apple.product-type.bundle";
		};
/* End PBXNativeTarget section */

/* Begin PBXProject section */
		DED1585F16102DEC00B0E3B8 /* Project object */ = {
			isa = PBXProject;
			attributes = {
				LastUpgradeCheck = 0450;
				ORGANIZATIONNAME = "Beepscore LLC";
			};
			buildConfigurationList = DED1586216102DEC00B0E3B8 /* Build configuration list for PBXProject "NetworkingIsFun" */;
			compatibilityVersion = "Xcode 3.2";
			developmentRegion = English;
			hasScannedForEncodings = 0;
			knownRegions = (
				en,
			);
			mainGroup = DED1585D16102DEC00B0E3B8;
			productRefGroup = DED1586916102DEC00B0E3B8 /* Products */;
			projectDirPath = "";
			projectRoot = "";
			targets = (
				DED1586716102DEC00B0E3B8 /* NetworkingIsFun */,
				DED1588E16102DEC00B0E3B8 /* NetworkingIsFunTests */,
			);
		};
/* End PBXProject section */

/* Begin PBXResourcesBuildPhase section */
		DED1586616102DEC00B0E3B8 /* Resources */ = {
			isa = PBXResourcesBuildPhase;
			buildActionMask = 2147483647;
			files = (
				DED1587716102DEC00B0E3B8 /* InfoPlist.strings in Resources */,
				DED1587F16102DEC00B0E3B8 /* Default.png in Resources */,
				DED1588116102DEC00B0E3B8 /* Default@2x.png in Resources */,
				DED1588316102DEC00B0E3B8 /* Default-568h@2x.png in Resources */,
				DED1588916102DEC00B0E3B8 /* ViewController.xib in Resources */,
				DE8506B616104BCE00A1282D /* AFNetworking.podspec in Resources */,
				DE8506BA16104BCE00A1282D /* CHANGES in Resources */,
				DE8506E016104BCE00A1282D /* LICENSE in Resources */,
				DE8506E216104BCE00A1282D /* README.md in Resources */,
				DE9FE97A1610598400BA0C2F /* placeholder.png in Resources */,
				DE9FE97B1610598400BA0C2F /* placeholder@2x.png in Resources */,
			);
			runOnlyForDeploymentPostprocessing = 0;
		};
		DED1588C16102DEC00B0E3B8 /* Resources */ = {
			isa = PBXResourcesBuildPhase;
			buildActionMask = 2147483647;
			files = (
				DED1589B16102DEC00B0E3B8 /* InfoPlist.strings in Resources */,
				DE8506B716104BCE00A1282D /* AFNetworking.podspec in Resources */,
				DE8506BB16104BCE00A1282D /* CHANGES in Resources */,
				DE8506E116104BCE00A1282D /* LICENSE in Resources */,
				DE8506E316104BCE00A1282D /* README.md in Resources */,
				DEEDCCE31795C60000023957 /* License.txt in Resources */,
				DE15C056179641EC00F17302 /* itunes_term_harry.json in Resources */,
				DE15C057179641EC00F17302 /* itunes_term_macgruber.json in Resources */,
			);
			runOnlyForDeploymentPostprocessing = 0;
		};
/* End PBXResourcesBuildPhase section */

/* Begin PBXShellScriptBuildPhase section */
		DED1588D16102DEC00B0E3B8 /* ShellScript */ = {
			isa = PBXShellScriptBuildPhase;
			buildActionMask = 2147483647;
			files = (
			);
			inputPaths = (
			);
			outputPaths = (
			);
			runOnlyForDeploymentPostprocessing = 0;
			shellPath = /bin/sh;
			shellScript = "# Run the unit tests in this test bundle.\n\"${SYSTEM_DEVELOPER_DIR}/Tools/RunUnitTests\"\n";
		};
/* End PBXShellScriptBuildPhase section */

/* Begin PBXSourcesBuildPhase section */
		DED1586416102DEC00B0E3B8 /* Sources */ = {
			isa = PBXSourcesBuildPhase;
			buildActionMask = 2147483647;
			files = (
				DED1587916102DEC00B0E3B8 /* main.m in Sources */,
				DED1587D16102DEC00B0E3B8 /* AppDelegate.m in Sources */,
				DED1588616102DEC00B0E3B8 /* ViewController.m in Sources */,
				DE8506A416104BCD00A1282D /* AFHTTPClient.m in Sources */,
				DE8506A616104BCD00A1282D /* AFHTTPRequestOperation.m in Sources */,
				DE8506A816104BCD00A1282D /* AFImageRequestOperation.m in Sources */,
				DE8506AA16104BCD00A1282D /* AFJSONRequestOperation.m in Sources */,
				DE8506AC16104BCE00A1282D /* AFNetworkActivityIndicatorManager.m in Sources */,
				DE8506AE16104BCE00A1282D /* AFPropertyListRequestOperation.m in Sources */,
				DE8506B016104BCE00A1282D /* AFURLConnectionOperation.m in Sources */,
				DE8506B216104BCE00A1282D /* AFXMLRequestOperation.m in Sources */,
				DE8506B416104BCE00A1282D /* UIImageView+AFNetworking.m in Sources */,
			);
			runOnlyForDeploymentPostprocessing = 0;
		};
		DED1588A16102DEC00B0E3B8 /* Sources */ = {
			isa = PBXSourcesBuildPhase;
			buildActionMask = 2147483647;
			files = (
				DE8506A516104BCD00A1282D /* AFHTTPClient.m in Sources */,
				DE8506A716104BCD00A1282D /* AFHTTPRequestOperation.m in Sources */,
				DE8506A916104BCD00A1282D /* AFImageRequestOperation.m in Sources */,
				DE8506AB16104BCE00A1282D /* AFJSONRequestOperation.m in Sources */,
				DE8506AD16104BCE00A1282D /* AFNetworkActivityIndicatorManager.m in Sources */,
				DE8506AF16104BCE00A1282D /* AFPropertyListRequestOperation.m in Sources */,
				DE8506B116104BCE00A1282D /* AFURLConnectionOperation.m in Sources */,
				DE8506B316104BCE00A1282D /* AFXMLRequestOperation.m in Sources */,
				DE8506B516104BCE00A1282D /* UIImageView+AFNetworking.m in Sources */,
				DE5C10531795D4000015843D /* ViewControllerTests.m in Sources */,
				DE8C53DE1795FFBA00791067 /* AFNetworkingTests.m in Sources */,
			);
			runOnlyForDeploymentPostprocessing = 0;
		};
/* End PBXSourcesBuildPhase section */

/* Begin PBXTargetDependency section */
		DED1589516102DEC00B0E3B8 /* PBXTargetDependency */ = {
			isa = PBXTargetDependency;
			target = DED1586716102DEC00B0E3B8 /* NetworkingIsFun */;
			targetProxy = DED1589416102DEC00B0E3B8 /* PBXContainerItemProxy */;
		};
/* End PBXTargetDependency section */

/* Begin PBXVariantGroup section */
		DED1587516102DEC00B0E3B8 /* InfoPlist.strings */ = {
			isa = PBXVariantGroup;
			children = (
				DED1587616102DEC00B0E3B8 /* en */,
			);
			name = InfoPlist.strings;
			sourceTree = "<group>";
		};
		DED1588716102DEC00B0E3B8 /* ViewController.xib */ = {
			isa = PBXVariantGroup;
			children = (
				DED1588816102DEC00B0E3B8 /* en */,
			);
			name = ViewController.xib;
			sourceTree = "<group>";
		};
		DED1589916102DEC00B0E3B8 /* InfoPlist.strings */ = {
			isa = PBXVariantGroup;
			children = (
				DED1589A16102DEC00B0E3B8 /* en */,
			);
			name = InfoPlist.strings;
			sourceTree = "<group>";
		};
/* End PBXVariantGroup section */

/* Begin XCBuildConfiguration section */
		DED1589F16102DEC00B0E3B8 /* Debug */ = {
			isa = XCBuildConfiguration;
			buildSettings = {
				ALWAYS_SEARCH_USER_PATHS = NO;
				CLANG_CXX_LANGUAGE_STANDARD = "gnu++0x";
				CLANG_CXX_LIBRARY = "libc++";
				CLANG_ENABLE_OBJC_ARC = YES;
				CLANG_WARN_EMPTY_BODY = YES;
				CLANG_WARN__DUPLICATE_METHOD_MATCH = YES;
				"CODE_SIGN_IDENTITY[sdk=iphoneos*]" = "iPhone Developer";
				COPY_PHASE_STRIP = NO;
				GCC_C_LANGUAGE_STANDARD = gnu99;
				GCC_DYNAMIC_NO_PIC = NO;
				GCC_OPTIMIZATION_LEVEL = 0;
				GCC_PREPROCESSOR_DEFINITIONS = (
					"DEBUG=1",
					"$(inherited)",
				);
				GCC_SYMBOLS_PRIVATE_EXTERN = NO;
				GCC_WARN_ABOUT_RETURN_TYPE = YES;
				GCC_WARN_UNINITIALIZED_AUTOS = YES;
				GCC_WARN_UNUSED_VARIABLE = YES;
				IPHONEOS_DEPLOYMENT_TARGET = 6.0;
				SDKROOT = iphoneos;
			};
			name = Debug;
		};
		DED158A016102DEC00B0E3B8 /* Release */ = {
			isa = XCBuildConfiguration;
			buildSettings = {
				ALWAYS_SEARCH_USER_PATHS = NO;
				CLANG_CXX_LANGUAGE_STANDARD = "gnu++0x";
				CLANG_CXX_LIBRARY = "libc++";
				CLANG_ENABLE_OBJC_ARC = YES;
				CLANG_WARN_EMPTY_BODY = YES;
				CLANG_WARN__DUPLICATE_METHOD_MATCH = YES;
				"CODE_SIGN_IDENTITY[sdk=iphoneos*]" = "iPhone Developer";
				COPY_PHASE_STRIP = YES;
				GCC_C_LANGUAGE_STANDARD = gnu99;
				GCC_WARN_ABOUT_RETURN_TYPE = YES;
				GCC_WARN_UNINITIALIZED_AUTOS = YES;
				GCC_WARN_UNUSED_VARIABLE = YES;
				IPHONEOS_DEPLOYMENT_TARGET = 6.0;
				OTHER_CFLAGS = "-DNS_BLOCK_ASSERTIONS=1";
				SDKROOT = iphoneos;
				VALIDATE_PRODUCT = YES;
			};
			name = Release;
		};
		DED158A216102DEC00B0E3B8 /* Debug */ = {
			isa = XCBuildConfiguration;
			buildSettings = {
				GCC_PRECOMPILE_PREFIX_HEADER = YES;
				GCC_PREFIX_HEADER = "NetworkingIsFun/NetworkingIsFun-Prefix.pch";
				INFOPLIST_FILE = "NetworkingIsFun/NetworkingIsFun-Info.plist";
				PRODUCT_NAME = "$(TARGET_NAME)";
				WRAPPER_EXTENSION = app;
			};
			name = Debug;
		};
		DED158A316102DEC00B0E3B8 /* Release */ = {
			isa = XCBuildConfiguration;
			buildSettings = {
				GCC_PRECOMPILE_PREFIX_HEADER = YES;
				GCC_PREFIX_HEADER = "NetworkingIsFun/NetworkingIsFun-Prefix.pch";
				INFOPLIST_FILE = "NetworkingIsFun/NetworkingIsFun-Info.plist";
				PRODUCT_NAME = "$(TARGET_NAME)";
				WRAPPER_EXTENSION = app;
			};
			name = Release;
		};
		DED158A516102DEC00B0E3B8 /* Debug */ = {
			isa = XCBuildConfiguration;
			buildSettings = {
				BUNDLE_LOADER = "$(BUILT_PRODUCTS_DIR)/NetworkingIsFun.app/NetworkingIsFun";
				FRAMEWORK_SEARCH_PATHS = (
					"\"$(SDKROOT)/Developer/Library/Frameworks\"",
					"\"$(DEVELOPER_LIBRARY_DIR)/Frameworks\"",
				);
				GCC_PRECOMPILE_PREFIX_HEADER = YES;
				GCC_PREFIX_HEADER = "NetworkingIsFun/NetworkingIsFun-Prefix.pch";
				HEADER_SEARCH_PATHS = "\"$(PROJECT_DIR)\"";
				INFOPLIST_FILE = "NetworkingIsFunTests/NetworkingIsFunTests-Info.plist";
				LIBRARY_SEARCH_PATHS = (
					"$(inherited)",
					"\"$(SRCROOT)\"",
				);
				OTHER_LDFLAGS = (
					"-force_load",
					"\"$(SRCROOT)/libOCMock.a\"",
					"-ObjC",
				);
				PRODUCT_NAME = "$(TARGET_NAME)";
				TEST_HOST = "$(BUNDLE_LOADER)";
				WRAPPER_EXTENSION = octest;
			};
			name = Debug;
		};
		DED158A616102DEC00B0E3B8 /* Release */ = {
			isa = XCBuildConfiguration;
			buildSettings = {
				BUNDLE_LOADER = "$(BUILT_PRODUCTS_DIR)/NetworkingIsFun.app/NetworkingIsFun";
				FRAMEWORK_SEARCH_PATHS = (
					"\"$(SDKROOT)/Developer/Library/Frameworks\"",
					"\"$(DEVELOPER_LIBRARY_DIR)/Frameworks\"",
				);
				GCC_PRECOMPILE_PREFIX_HEADER = YES;
				GCC_PREFIX_HEADER = "NetworkingIsFun/NetworkingIsFun-Prefix.pch";
				HEADER_SEARCH_PATHS = "\"$(PROJECT_DIR)\"";
				INFOPLIST_FILE = "NetworkingIsFunTests/NetworkingIsFunTests-Info.plist";
				LIBRARY_SEARCH_PATHS = (
					"$(inherited)",
					"\"$(SRCROOT)\"",
				);
				OTHER_LDFLAGS = (
					"-force_load",
					"\"$(SRCROOT)/libOCMock.a\"",
					"-ObjC",
				);
				PRODUCT_NAME = "$(TARGET_NAME)";
				TEST_HOST = "$(BUNDLE_LOADER)";
				WRAPPER_EXTENSION = octest;
			};
			name = Release;
		};
/* End XCBuildConfiguration section */

/* Begin XCConfigurationList section */
		DED1586216102DEC00B0E3B8 /* Build configuration list for PBXProject "NetworkingIsFun" */ = {
			isa = XCConfigurationList;
			buildConfigurations = (
				DED1589F16102DEC00B0E3B8 /* Debug */,
				DED158A016102DEC00B0E3B8 /* Release */,
			);
			defaultConfigurationIsVisible = 0;
			defaultConfigurationName = Release;
		};
		DED158A116102DEC00B0E3B8 /* Build configuration list for PBXNativeTarget "NetworkingIsFun" */ = {
			isa = XCConfigurationList;
			buildConfigurations = (
				DED158A216102DEC00B0E3B8 /* Debug */,
				DED158A316102DEC00B0E3B8 /* Release */,
			);
			defaultConfigurationIsVisible = 0;
			defaultConfigurationName = Release;
		};
		DED158A416102DEC00B0E3B8 /* Build configuration list for PBXNativeTarget "NetworkingIsFunTests" */ = {
			isa = XCConfigurationList;
			buildConfigurations = (
				DED158A516102DEC00B0E3B8 /* Debug */,
				DED158A616102DEC00B0E3B8 /* Release */,
			);
			defaultConfigurationIsVisible = 0;
			defaultConfigurationName = Release;
		};
/* End XCConfigurationList section */
	};
	rootObject = DED1585F16102DEC00B0E3B8 /* Project object */;
}
